
Microsoft Visual Studio Solution File, Format Version 12.00
# Visual Studio Version 17
VisualStudioVersion = 17.0.32014.148
MinimumVisualStudioVersion = 10.0.40219.1
Project("{54435603-DBB4-11D2-8724-00A0C9A8B90C}") = "pictureCompresserInstaller", "pictureCompresserInstaller\pictureCompresserInstaller.vdproj", "{EC33E933-FAF3-4E5D-B689-835AD2D599D8}"
EndProject
Global
	GlobalSection(SolutionConfigurationPlatforms) = preSolution
		Debug|Default = Debug|Default
		Release|Default = Release|Default
	EndGlobalSection
	GlobalSection(ProjectConfigurationPlatforms) = postSolution
		{EC33E933-FAF3-4E5D-B689-835AD2D599D8}.Debug|Default.ActiveCfg = Debug
		{EC33E933-FAF3-4E5D-B689-835AD2D599D8}.Debug|Default.Build.0 = Debug
		{EC33E933-FAF3-4E5D-B689-835AD2D599D8}.Release|Default.ActiveCfg = Release
		{EC33E933-FAF3-4E5D-B689-835AD2D599D8}.Release|Default.Build.0 = Release
	EndGlobalSection
	GlobalSection(SolutionProperties) = preSolution
		HideSolutionNode = FALSE
	EndGlobalSection
	GlobalSection(ExtensibilityGlobals) = postSolution
		SolutionGuid = {5C4ABE2A-9A55-4D2C-9914-74130B282D37}
	EndGlobalSection
EndGlobal
